
Microsoft Visual Studio Solution File, Format Version 12.00
# Visual Studio 15
VisualStudioVersion = 15.0.28307.1000
MinimumVisualStudioVersion = 10.0.40219.1
Project("{FAE04EC0-301F-11D3-BF4B-00C04F79EFBC}") = "vfBattleTechMod-Core", "vfBattleTechMod-Core\vfBattleTechMod-Core.csproj", "{A9FFB5F9-68F1-498A-9023-2E7B7EC001F0}"
EndProject
Project("{FAE04EC0-301F-11D3-BF4B-00C04F79EFBC}") = "vfBattleTechMod-ProcGenStores", "vfBattleTechMod-ProcGenStores\vfBattleTechMod-ProcGenStores.csproj", "{BE53788E-B690-46B1-B8BB-4CAA8FDFBDBD}"
EndProject
Project("{2150E333-8FDC-42A3-9474-1A3956D46DE8}") = "Global Files", "Global Files", "{9E6D873C-E4BE-4CF9-8D5F-E8F8473612F2}"
	ProjectSection(SolutionItems) = preProject
		Settings.StyleCop = Settings.StyleCop
	EndProjectSection
EndProject
Global
	GlobalSection(SolutionConfigurationPlatforms) = preSolution
		Debug|Any CPU = Debug|Any CPU
		Release|Any CPU = Release|Any CPU
	EndGlobalSection
	GlobalSection(ProjectConfigurationPlatforms) = postSolution
		{A9FFB5F9-68F1-498A-9023-2E7B7EC001F0}.Debug|Any CPU.ActiveCfg = Debug|Any CPU
		{A9FFB5F9-68F1-498A-9023-2E7B7EC001F0}.Debug|Any CPU.Build.0 = Debug|Any CPU
		{A9FFB5F9-68F1-498A-9023-2E7B7EC001F0}.Release|Any CPU.ActiveCfg = Release|Any CPU
		{A9FFB5F9-68F1-498A-9023-2E7B7EC001F0}.Release|Any CPU.Build.0 = Release|Any CPU
		{BE53788E-B690-46B1-B8BB-4CAA8FDFBDBD}.Debug|Any CPU.ActiveCfg = Debug|Any CPU
		{BE53788E-B690-46B1-B8BB-4CAA8FDFBDBD}.Debug|Any CPU.Build.0 = Debug|Any CPU
		{BE53788E-B690-46B1-B8BB-4CAA8FDFBDBD}.Release|Any CPU.ActiveCfg = Release|Any CPU
		{BE53788E-B690-46B1-B8BB-4CAA8FDFBDBD}.Release|Any CPU.Build.0 = Release|Any CPU
	EndGlobalSection
	GlobalSection(SolutionProperties) = preSolution
		HideSolutionNode = FALSE
	EndGlobalSection
	GlobalSection(ExtensibilityGlobals) = postSolution
		SolutionGuid = {70FF83A6-8852-4076-853E-31A25F0FF147}
	EndGlobalSection
EndGlobal
