
Microsoft Visual Studio Solution File, Format Version 12.00
# Visual Studio Version 16
VisualStudioVersion = 16.0.29324.140
MinimumVisualStudioVersion = 10.0.40219.1
Project("{FAE04EC0-301F-11D3-BF4B-00C04F79EFBC}") = "vfBattleTechMod-Core", "vfBattleTechMod-Core\vfBattleTechMod-Core.csproj", "{A9FFB5F9-68F1-498A-9023-2E7B7EC001F0}"
EndProject
Project("{FAE04EC0-301F-11D3-BF4B-00C04F79EFBC}") = "vfBattleTechMod-ProcGenStores", "vfBattleTechMod-ProcGenStores\vfBattleTechMod-ProcGenStores.csproj", "{BE53788E-B690-46B1-B8BB-4CAA8FDFBDBD}"
EndProject
Project("{2150E333-8FDC-42A3-9474-1A3956D46DE8}") = "Global Files", "Global Files", "{9E6D873C-E4BE-4CF9-8D5F-E8F8473612F2}"
	ProjectSection(SolutionItems) = preProject
		Settings.StyleCop = Settings.StyleCop
	EndProjectSection
EndProject
Project("{FAE04EC0-301F-11D3-BF4B-00C04F79EFBC}") = "vfBattleTechMod-ProcGenStores-Test", "vfBattleTechMod-ProcGenStores-Test\vfBattleTechMod-ProcGenStores-Test.csproj", "{C6E23BE6-A613-47EC-B7CA-968CAD2E3DF6}"
EndProject
Project("{FAE04EC0-301F-11D3-BF4B-00C04F79EFBC}") = "vfBattleTechMod-Core-Tests", "vfBattleTechMod-Core-Tests\vfBattleTechMod-Core-Tests.csproj", "{82B1DC6D-BA3E-430B-A616-1DD74A18E8DB}"
EndProject
Project("{FAE04EC0-301F-11D3-BF4B-00C04F79EFBC}") = "vfBattleTechMod-ContractSpawnMorphs", "vfBattleTechMod-ContractSpawnMorphs\vfBattleTechMod-ContractSpawnMorphs.csproj", "{9BF41236-A02C-4397-906F-2A8F3B47BB8E}"
EndProject
Global
	GlobalSection(SolutionConfigurationPlatforms) = preSolution
		Debug|Any CPU = Debug|Any CPU
		Release|Any CPU = Release|Any CPU
	EndGlobalSection
	GlobalSection(ProjectConfigurationPlatforms) = postSolution
		{A9FFB5F9-68F1-498A-9023-2E7B7EC001F0}.Debug|Any CPU.ActiveCfg = Debug|Any CPU
		{A9FFB5F9-68F1-498A-9023-2E7B7EC001F0}.Debug|Any CPU.Build.0 = Debug|Any CPU
		{A9FFB5F9-68F1-498A-9023-2E7B7EC001F0}.Release|Any CPU.ActiveCfg = Release|Any CPU
		{A9FFB5F9-68F1-498A-9023-2E7B7EC001F0}.Release|Any CPU.Build.0 = Release|Any CPU
		{BE53788E-B690-46B1-B8BB-4CAA8FDFBDBD}.Debug|Any CPU.ActiveCfg = Debug|Any CPU
		{BE53788E-B690-46B1-B8BB-4CAA8FDFBDBD}.Debug|Any CPU.Build.0 = Debug|Any CPU
		{BE53788E-B690-46B1-B8BB-4CAA8FDFBDBD}.Release|Any CPU.ActiveCfg = Release|Any CPU
		{BE53788E-B690-46B1-B8BB-4CAA8FDFBDBD}.Release|Any CPU.Build.0 = Release|Any CPU
		{C6E23BE6-A613-47EC-B7CA-968CAD2E3DF6}.Debug|Any CPU.ActiveCfg = Debug|Any CPU
		{C6E23BE6-A613-47EC-B7CA-968CAD2E3DF6}.Debug|Any CPU.Build.0 = Debug|Any CPU
		{C6E23BE6-A613-47EC-B7CA-968CAD2E3DF6}.Release|Any CPU.ActiveCfg = Release|Any CPU
		{C6E23BE6-A613-47EC-B7CA-968CAD2E3DF6}.Release|Any CPU.Build.0 = Release|Any CPU
		{82B1DC6D-BA3E-430B-A616-1DD74A18E8DB}.Debug|Any CPU.ActiveCfg = Debug|Any CPU
		{82B1DC6D-BA3E-430B-A616-1DD74A18E8DB}.Debug|Any CPU.Build.0 = Debug|Any CPU
		{82B1DC6D-BA3E-430B-A616-1DD74A18E8DB}.Release|Any CPU.ActiveCfg = Release|Any CPU
		{82B1DC6D-BA3E-430B-A616-1DD74A18E8DB}.Release|Any CPU.Build.0 = Release|Any CPU
		{9BF41236-A02C-4397-906F-2A8F3B47BB8E}.Debug|Any CPU.ActiveCfg = Debug|Any CPU
		{9BF41236-A02C-4397-906F-2A8F3B47BB8E}.Debug|Any CPU.Build.0 = Debug|Any CPU
		{9BF41236-A02C-4397-906F-2A8F3B47BB8E}.Release|Any CPU.ActiveCfg = Release|Any CPU
		{9BF41236-A02C-4397-906F-2A8F3B47BB8E}.Release|Any CPU.Build.0 = Release|Any CPU
	EndGlobalSection
	GlobalSection(SolutionProperties) = preSolution
		HideSolutionNode = FALSE
	EndGlobalSection
	GlobalSection(ExtensibilityGlobals) = postSolution
		SolutionGuid = {70FF83A6-8852-4076-853E-31A25F0FF147}
	EndGlobalSection
EndGlobal
